// !$*UTF8*$!
{
	archiveVersion = 1;
	classes = {
	};
	objectVersion = 56;
	objects = {

/* Begin PBXBuildFile section */
		C6DE0F0929011576007144AF /* ExampleApp.swift in Sources */ = {isa = PBXBuildFile; fileRef = C6DE0F0829011576007144AF /* ExampleApp.swift */; };
		C6DE0F0B29011576007144AF /* ContentView.swift in Sources */ = {isa = PBXBuildFile; fileRef = C6DE0F0A29011576007144AF /* ContentView.swift */; };
		C6DE0F0D29011577007144AF /* Assets.xcassets in Resources */ = {isa = PBXBuildFile; fileRef = C6DE0F0C29011577007144AF /* Assets.xcassets */; };
		C6DE0F1029011577007144AF /* Preview Assets.xcassets in Resources */ = {isa = PBXBuildFile; fileRef = C6DE0F0F29011577007144AF /* Preview Assets.xcassets */; };
		C6DE0F1B29011577007144AF /* ExampleTests.swift in Sources */ = {isa = PBXBuildFile; fileRef = C6DE0F1A29011577007144AF /* ExampleTests.swift */; };
		C6DE0F2529011577007144AF /* ExampleUITests.swift in Sources */ = {isa = PBXBuildFile; fileRef = C6DE0F2429011577007144AF /* ExampleUITests.swift */; };
		C6DE0F2729011577007144AF /* ExampleUITestsLaunchTests.swift in Sources */ = {isa = PBXBuildFile; fileRef = C6DE0F2629011577007144AF /* ExampleUITestsLaunchTests.swift */; };
		C6DE0F3929011586007144AF /* TaskResult.swift in Sources */ = {isa = PBXBuildFile; fileRef = C6DE0F3429011586007144AF /* TaskResult.swift */; };
		C6DE0F3A29011586007144AF /* VersionStore.swift in Sources */ = {isa = PBXBuildFile; fileRef = C6DE0F3529011586007144AF /* VersionStore.swift */; };
		C6DE0F3B29011586007144AF /* Dependency.swift in Sources */ = {isa = PBXBuildFile; fileRef = C6DE0F3629011586007144AF /* Dependency.swift */; };
		C6DE0F3C29011586007144AF /* RefreshResult.swift in Sources */ = {isa = PBXBuildFile; fileRef = C6DE0F3729011586007144AF /* RefreshResult.swift */; };
		C6DE0F3D29011586007144AF /* DependencyError.swift in Sources */ = {isa = PBXBuildFile; fileRef = C6DE0F3829011586007144AF /* DependencyError.swift */; };
/* End PBXBuildFile section */

/* Begin PBXContainerItemProxy section */
		C6DE0F1729011577007144AF /* PBXContainerItemProxy */ = {
			isa = PBXContainerItemProxy;
			containerPortal = C6DE0EFD29011576007144AF /* Project object */;
			proxyType = 1;
			remoteGlobalIDString = C6DE0F0429011576007144AF;
			remoteInfo = Example;
		};
		C6DE0F2129011577007144AF /* PBXContainerItemProxy */ = {
			isa = PBXContainerItemProxy;
			containerPortal = C6DE0EFD29011576007144AF /* Project object */;
			proxyType = 1;
			remoteGlobalIDString = C6DE0F0429011576007144AF;
			remoteInfo = Example;
		};
/* End PBXContainerItemProxy section */

/* Begin PBXFileReference section */
		C6DE0F0529011576007144AF /* Example.app */ = {isa = PBXFileReference; explicitFileType = wrapper.application; includeInIndex = 0; path = Example.app; sourceTree = BUILT_PRODUCTS_DIR; };
		C6DE0F0829011576007144AF /* ExampleApp.swift */ = {isa = PBXFileReference; lastKnownFileType = sourcecode.swift; path = ExampleApp.swift; sourceTree = "<group>"; };
		C6DE0F0A29011576007144AF /* ContentView.swift */ = {isa = PBXFileReference; lastKnownFileType = sourcecode.swift; path = ContentView.swift; sourceTree = "<group>"; };
		C6DE0F0C29011577007144AF /* Assets.xcassets */ = {isa = PBXFileReference; lastKnownFileType = folder.assetcatalog; path = Assets.xcassets; sourceTree = "<group>"; };
		C6DE0F0F29011577007144AF /* Preview Assets.xcassets */ = {isa = PBXFileReference; lastKnownFileType = folder.assetcatalog; path = "Preview Assets.xcassets"; sourceTree = "<group>"; };
		C6DE0F1129011577007144AF /* Example.entitlements */ = {isa = PBXFileReference; lastKnownFileType = text.plist.entitlements; path = Example.entitlements; sourceTree = "<group>"; };
		C6DE0F1629011577007144AF /* ExampleTests.xctest */ = {isa = PBXFileReference; explicitFileType = wrapper.cfbundle; includeInIndex = 0; path = ExampleTests.xctest; sourceTree = BUILT_PRODUCTS_DIR; };
		C6DE0F1A29011577007144AF /* ExampleTests.swift */ = {isa = PBXFileReference; lastKnownFileType = sourcecode.swift; path = ExampleTests.swift; sourceTree = "<group>"; };
		C6DE0F2029011577007144AF /* ExampleUITests.xctest */ = {isa = PBXFileReference; explicitFileType = wrapper.cfbundle; includeInIndex = 0; path = ExampleUITests.xctest; sourceTree = BUILT_PRODUCTS_DIR; };
		C6DE0F2429011577007144AF /* ExampleUITests.swift */ = {isa = PBXFileReference; lastKnownFileType = sourcecode.swift; path = ExampleUITests.swift; sourceTree = "<group>"; };
		C6DE0F2629011577007144AF /* ExampleUITestsLaunchTests.swift */ = {isa = PBXFileReference; lastKnownFileType = sourcecode.swift; path = ExampleUITestsLaunchTests.swift; sourceTree = "<group>"; };
		C6DE0F3429011586007144AF /* TaskResult.swift */ = {isa = PBXFileReference; fileEncoding = 4; lastKnownFileType = sourcecode.swift; path = TaskResult.swift; sourceTree = "<group>"; };
		C6DE0F3529011586007144AF /* VersionStore.swift */ = {isa = PBXFileReference; fileEncoding = 4; lastKnownFileType = sourcecode.swift; path = VersionStore.swift; sourceTree = "<group>"; };
		C6DE0F3629011586007144AF /* Dependency.swift */ = {isa = PBXFileReference; fileEncoding = 4; lastKnownFileType = sourcecode.swift; path = Dependency.swift; sourceTree = "<group>"; };
		C6DE0F3729011586007144AF /* RefreshResult.swift */ = {isa = PBXFileReference; fileEncoding = 4; lastKnownFileType = sourcecode.swift; path = RefreshResult.swift; sourceTree = "<group>"; };
		C6DE0F3829011586007144AF /* DependencyError.swift */ = {isa = PBXFileReference; fileEncoding = 4; lastKnownFileType = sourcecode.swift; path = DependencyError.swift; sourceTree = "<group>"; };
/* End PBXFileReference section */

/* Begin PBXFrameworksBuildPhase section */
		C6DE0F0229011576007144AF /* Frameworks */ = {
			isa = PBXFrameworksBuildPhase;
			buildActionMask = 2147483647;
			files = (
			);
			runOnlyForDeploymentPostprocessing = 0;
		};
		C6DE0F1329011577007144AF /* Frameworks */ = {
			isa = PBXFrameworksBuildPhase;
			buildActionMask = 2147483647;
			files = (
			);
			runOnlyForDeploymentPostprocessing = 0;
		};
		C6DE0F1D29011577007144AF /* Frameworks */ = {
			isa = PBXFrameworksBuildPhase;
			buildActionMask = 2147483647;
			files = (
			);
			runOnlyForDeploymentPostprocessing = 0;
		};
/* End PBXFrameworksBuildPhase section */

/* Begin PBXGroup section */
		C6DE0EFC29011576007144AF = {
			isa = PBXGroup;
			children = (
				C6DE0F0729011576007144AF /* Example */,
				C6DE0F1929011577007144AF /* ExampleTests */,
				C6DE0F2329011577007144AF /* ExampleUITests */,
				C6DE0F0629011576007144AF /* Products */,
			);
			sourceTree = "<group>";
		};
		C6DE0F0629011576007144AF /* Products */ = {
			isa = PBXGroup;
			children = (
				C6DE0F0529011576007144AF /* Example.app */,
				C6DE0F1629011577007144AF /* ExampleTests.xctest */,
				C6DE0F2029011577007144AF /* ExampleUITests.xctest */,
			);
			name = Products;
			sourceTree = "<group>";
		};
		C6DE0F0729011576007144AF /* Example */ = {
			isa = PBXGroup;
			children = (
				C6DE0F3329011586007144AF /* Junction */,
				C6DE0F0829011576007144AF /* ExampleApp.swift */,
				C6DE0F0A29011576007144AF /* ContentView.swift */,
				C6DE0F0C29011577007144AF /* Assets.xcassets */,
				C6DE0F1129011577007144AF /* Example.entitlements */,
				C6DE0F0E29011577007144AF /* Preview Content */,
			);
			path = Example;
			sourceTree = "<group>";
		};
		C6DE0F0E29011577007144AF /* Preview Content */ = {
			isa = PBXGroup;
			children = (
				C6DE0F0F29011577007144AF /* Preview Assets.xcassets */,
			);
			path = "Preview Content";
			sourceTree = "<group>";
		};
		C6DE0F1929011577007144AF /* ExampleTests */ = {
			isa = PBXGroup;
			children = (
				C6DE0F1A29011577007144AF /* ExampleTests.swift */,
			);
			path = ExampleTests;
			sourceTree = "<group>";
		};
		C6DE0F2329011577007144AF /* ExampleUITests */ = {
			isa = PBXGroup;
			children = (
				C6DE0F2429011577007144AF /* ExampleUITests.swift */,
				C6DE0F2629011577007144AF /* ExampleUITestsLaunchTests.swift */,
			);
			path = ExampleUITests;
			sourceTree = "<group>";
		};
		C6DE0F3329011586007144AF /* Junction */ = {
			isa = PBXGroup;
			children = (
				C6DE0F3429011586007144AF /* TaskResult.swift */,
				C6DE0F3529011586007144AF /* VersionStore.swift */,
				C6DE0F3629011586007144AF /* Dependency.swift */,
				C6DE0F3729011586007144AF /* RefreshResult.swift */,
				C6DE0F3829011586007144AF /* DependencyError.swift */,
			);
			name = Junction;
			path = ../../Sources/Junction;
			sourceTree = "<group>";
		};
/* End PBXGroup section */

/* Begin PBXNativeTarget section */
		C6DE0F0429011576007144AF /* Example */ = {
			isa = PBXNativeTarget;
			buildConfigurationList = C6DE0F2A29011577007144AF /* Build configuration list for PBXNativeTarget "Example" */;
			buildPhases = (
				C6DE0F0129011576007144AF /* Sources */,
				C6DE0F0229011576007144AF /* Frameworks */,
				C6DE0F0329011576007144AF /* Resources */,
			);
			buildRules = (
			);
			dependencies = (
			);
			name = Example;
			productName = Example;
			productReference = C6DE0F0529011576007144AF /* Example.app */;
			productType = "com.apple.product-type.application";
		};
		C6DE0F1529011577007144AF /* ExampleTests */ = {
			isa = PBXNativeTarget;
			buildConfigurationList = C6DE0F2D29011577007144AF /* Build configuration list for PBXNativeTarget "ExampleTests" */;
			buildPhases = (
				C6DE0F1229011577007144AF /* Sources */,
				C6DE0F1329011577007144AF /* Frameworks */,
				C6DE0F1429011577007144AF /* Resources */,
			);
			buildRules = (
			);
			dependencies = (
				C6DE0F1829011577007144AF /* PBXTargetDependency */,
			);
			name = ExampleTests;
			productName = ExampleTests;
			productReference = C6DE0F1629011577007144AF /* ExampleTests.xctest */;
			productType = "com.apple.product-type.bundle.unit-test";
		};
		C6DE0F1F29011577007144AF /* ExampleUITests */ = {
			isa = PBXNativeTarget;
			buildConfigurationList = C6DE0F3029011577007144AF /* Build configuration list for PBXNativeTarget "ExampleUITests" */;
			buildPhases = (
				C6DE0F1C29011577007144AF /* Sources */,
				C6DE0F1D29011577007144AF /* Frameworks */,
				C6DE0F1E29011577007144AF /* Resources */,
			);
			buildRules = (
			);
			dependencies = (
				C6DE0F2229011577007144AF /* PBXTargetDependency */,
			);
			name = ExampleUITests;
			productName = ExampleUITests;
			productReference = C6DE0F2029011577007144AF /* ExampleUITests.xctest */;
			productType = "com.apple.product-type.bundle.ui-testing";
		};
/* End PBXNativeTarget section */

/* Begin PBXProject section */
		C6DE0EFD29011576007144AF /* Project object */ = {
			isa = PBXProject;
			attributes = {
				BuildIndependentTargetsInParallel = 1;
				LastSwiftUpdateCheck = 1400;
				LastUpgradeCheck = 1400;
				TargetAttributes = {
					C6DE0F0429011576007144AF = {
						CreatedOnToolsVersion = 14.0;
					};
					C6DE0F1529011577007144AF = {
						CreatedOnToolsVersion = 14.0;
						TestTargetID = C6DE0F0429011576007144AF;
					};
					C6DE0F1F29011577007144AF = {
						CreatedOnToolsVersion = 14.0;
						TestTargetID = C6DE0F0429011576007144AF;
					};
				};
			};
			buildConfigurationList = C6DE0F0029011576007144AF /* Build configuration list for PBXProject "Example" */;
			compatibilityVersion = "Xcode 14.0";
			developmentRegion = en;
			hasScannedForEncodings = 0;
			knownRegions = (
				en,
				Base,
			);
			mainGroup = C6DE0EFC29011576007144AF;
			productRefGroup = C6DE0F0629011576007144AF /* Products */;
			projectDirPath = "";
			projectRoot = "";
			targets = (
				C6DE0F0429011576007144AF /* Example */,
				C6DE0F1529011577007144AF /* ExampleTests */,
				C6DE0F1F29011577007144AF /* ExampleUITests */,
			);
		};
/* End PBXProject section */

/* Begin PBXResourcesBuildPhase section */
		C6DE0F0329011576007144AF /* Resources */ = {
			isa = PBXResourcesBuildPhase;
			buildActionMask = 2147483647;
			files = (
				C6DE0F1029011577007144AF /* Preview Assets.xcassets in Resources */,
				C6DE0F0D29011577007144AF /* Assets.xcassets in Resources */,
			);
			runOnlyForDeploymentPostprocessing = 0;
		};
		C6DE0F1429011577007144AF /* Resources */ = {
			isa = PBXResourcesBuildPhase;
			buildActionMask = 2147483647;
			files = (
			);
			runOnlyForDeploymentPostprocessing = 0;
		};
		C6DE0F1E29011577007144AF /* Resources */ = {
			isa = PBXResourcesBuildPhase;
			buildActionMask = 2147483647;
			files = (
			);
			runOnlyForDeploymentPostprocessing = 0;
		};
/* End PBXResourcesBuildPhase section */

/* Begin PBXSourcesBuildPhase section */
		C6DE0F0129011576007144AF /* Sources */ = {
			isa = PBXSourcesBuildPhase;
			buildActionMask = 2147483647;
			files = (
				C6DE0F3A29011586007144AF /* VersionStore.swift in Sources */,
				C6DE0F3B29011586007144AF /* Dependency.swift in Sources */,
				C6DE0F3C29011586007144AF /* RefreshResult.swift in Sources */,
				C6DE0F0B29011576007144AF /* ContentView.swift in Sources */,
				C6DE0F3D29011586007144AF /* DependencyError.swift in Sources */,
				C6DE0F3929011586007144AF /* TaskResult.swift in Sources */,
				C6DE0F0929011576007144AF /* ExampleApp.swift in Sources */,
			);
			runOnlyForDeploymentPostprocessing = 0;
		};
		C6DE0F1229011577007144AF /* Sources */ = {
			isa = PBXSourcesBuildPhase;
			buildActionMask = 2147483647;
			files = (
				C6DE0F1B29011577007144AF /* ExampleTests.swift in Sources */,
			);
			runOnlyForDeploymentPostprocessing = 0;
		};
		C6DE0F1C29011577007144AF /* Sources */ = {
			isa = PBXSourcesBuildPhase;
			buildActionMask = 2147483647;
			files = (
				C6DE0F2529011577007144AF /* ExampleUITests.swift in Sources */,
				C6DE0F2729011577007144AF /* ExampleUITestsLaunchTests.swift in Sources */,
			);
			runOnlyForDeploymentPostprocessing = 0;
		};
/* End PBXSourcesBuildPhase section */

/* Begin PBXTargetDependency section */
		C6DE0F1829011577007144AF /* PBXTargetDependency */ = {
			isa = PBXTargetDependency;
			target = C6DE0F0429011576007144AF /* Example */;
			targetProxy = C6DE0F1729011577007144AF /* PBXContainerItemProxy */;
		};
		C6DE0F2229011577007144AF /* PBXTargetDependency */ = {
			isa = PBXTargetDependency;
			target = C6DE0F0429011576007144AF /* Example */;
			targetProxy = C6DE0F2129011577007144AF /* PBXContainerItemProxy */;
		};
/* End PBXTargetDependency section */

/* Begin XCBuildConfiguration section */
		C6DE0F2829011577007144AF /* Debug */ = {
			isa = XCBuildConfiguration;
			buildSettings = {
				ALWAYS_SEARCH_USER_PATHS = NO;
				CLANG_ANALYZER_NONNULL = YES;
				CLANG_ANALYZER_NUMBER_OBJECT_CONVERSION = YES_AGGRESSIVE;
				CLANG_CXX_LANGUAGE_STANDARD = "gnu++20";
				CLANG_ENABLE_MODULES = YES;
				CLANG_ENABLE_OBJC_ARC = YES;
				CLANG_ENABLE_OBJC_WEAK = YES;
				CLANG_WARN_BLOCK_CAPTURE_AUTORELEASING = YES;
				CLANG_WARN_BOOL_CONVERSION = YES;
				CLANG_WARN_COMMA = YES;
				CLANG_WARN_CONSTANT_CONVERSION = YES;
				CLANG_WARN_DEPRECATED_OBJC_IMPLEMENTATIONS = YES;
				CLANG_WARN_DIRECT_OBJC_ISA_USAGE = YES_ERROR;
				CLANG_WARN_DOCUMENTATION_COMMENTS = YES;
				CLANG_WARN_EMPTY_BODY = YES;
				CLANG_WARN_ENUM_CONVERSION = YES;
				CLANG_WARN_INFINITE_RECURSION = YES;
				CLANG_WARN_INT_CONVERSION = YES;
				CLANG_WARN_NON_LITERAL_NULL_CONVERSION = YES;
				CLANG_WARN_OBJC_IMPLICIT_RETAIN_SELF = YES;
				CLANG_WARN_OBJC_LITERAL_CONVERSION = YES;
				CLANG_WARN_OBJC_ROOT_CLASS = YES_ERROR;
				CLANG_WARN_QUOTED_INCLUDE_IN_FRAMEWORK_HEADER = YES;
				CLANG_WARN_RANGE_LOOP_ANALYSIS = YES;
				CLANG_WARN_STRICT_PROTOTYPES = YES;
				CLANG_WARN_SUSPICIOUS_MOVE = YES;
				CLANG_WARN_UNGUARDED_AVAILABILITY = YES_AGGRESSIVE;
				CLANG_WARN_UNREACHABLE_CODE = YES;
				CLANG_WARN__DUPLICATE_METHOD_MATCH = YES;
				COPY_PHASE_STRIP = NO;
				DEBUG_INFORMATION_FORMAT = dwarf;
				ENABLE_STRICT_OBJC_MSGSEND = YES;
				ENABLE_TESTABILITY = YES;
				GCC_C_LANGUAGE_STANDARD = gnu11;
				GCC_DYNAMIC_NO_PIC = NO;
				GCC_NO_COMMON_BLOCKS = YES;
				GCC_OPTIMIZATION_LEVEL = 0;
				GCC_PREPROCESSOR_DEFINITIONS = (
					"DEBUG=1",
					"$(inherited)",
				);
				GCC_WARN_64_TO_32_BIT_CONVERSION = YES;
				GCC_WARN_ABOUT_RETURN_TYPE = YES_ERROR;
				GCC_WARN_UNDECLARED_SELECTOR = YES;
				GCC_WARN_UNINITIALIZED_AUTOS = YES_AGGRESSIVE;
				GCC_WARN_UNUSED_FUNCTION = YES;
				GCC_WARN_UNUSED_VARIABLE = YES;
				MACOSX_DEPLOYMENT_TARGET = 12.3;
				MTL_ENABLE_DEBUG_INFO = INCLUDE_SOURCE;
				MTL_FAST_MATH = YES;
				ONLY_ACTIVE_ARCH = YES;
				SDKROOT = macosx;
				SWIFT_ACTIVE_COMPILATION_CONDITIONS = DEBUG;
				SWIFT_OPTIMIZATION_LEVEL = "-Onone";
			};
			name = Debug;
		};
		C6DE0F2929011577007144AF /* Release */ = {
			isa = XCBuildConfiguration;
			buildSettings = {
				ALWAYS_SEARCH_USER_PATHS = NO;
				CLANG_ANALYZER_NONNULL = YES;
				CLANG_ANALYZER_NUMBER_OBJECT_CONVERSION = YES_AGGRESSIVE;
				CLANG_CXX_LANGUAGE_STANDARD = "gnu++20";
				CLANG_ENABLE_MODULES = YES;
				CLANG_ENABLE_OBJC_ARC = YES;
				CLANG_ENABLE_OBJC_WEAK = YES;
				CLANG_WARN_BLOCK_CAPTURE_AUTORELEASING = YES;
				CLANG_WARN_BOOL_CONVERSION = YES;
				CLANG_WARN_COMMA = YES;
				CLANG_WARN_CONSTANT_CONVERSION = YES;
				CLANG_WARN_DEPRECATED_OBJC_IMPLEMENTATIONS = YES;
				CLANG_WARN_DIRECT_OBJC_ISA_USAGE = YES_ERROR;
				CLANG_WARN_DOCUMENTATION_COMMENTS = YES;
				CLANG_WARN_EMPTY_BODY = YES;
				CLANG_WARN_ENUM_CONVERSION = YES;
				CLANG_WARN_INFINITE_RECURSION = YES;
				CLANG_WARN_INT_CONVERSION = YES;
				CLANG_WARN_NON_LITERAL_NULL_CONVERSION = YES;
				CLANG_WARN_OBJC_IMPLICIT_RETAIN_SELF = YES;
				CLANG_WARN_OBJC_LITERAL_CONVERSION = YES;
				CLANG_WARN_OBJC_ROOT_CLASS = YES_ERROR;
				CLANG_WARN_QUOTED_INCLUDE_IN_FRAMEWORK_HEADER = YES;
				CLANG_WARN_RANGE_LOOP_ANALYSIS = YES;
				CLANG_WARN_STRICT_PROTOTYPES = YES;
				CLANG_WARN_SUSPICIOUS_MOVE = YES;
				CLANG_WARN_UNGUARDED_AVAILABILITY = YES_AGGRESSIVE;
				CLANG_WARN_UNREACHABLE_CODE = YES;
				CLANG_WARN__DUPLICATE_METHOD_MATCH = YES;
				COPY_PHASE_STRIP = NO;
				DEBUG_INFORMATION_FORMAT = "dwarf-with-dsym";
				ENABLE_NS_ASSERTIONS = NO;
				ENABLE_STRICT_OBJC_MSGSEND = YES;
				GCC_C_LANGUAGE_STANDARD = gnu11;
				GCC_NO_COMMON_BLOCKS = YES;
				GCC_WARN_64_TO_32_BIT_CONVERSION = YES;
				GCC_WARN_ABOUT_RETURN_TYPE = YES_ERROR;
				GCC_WARN_UNDECLARED_SELECTOR = YES;
				GCC_WARN_UNINITIALIZED_AUTOS = YES_AGGRESSIVE;
				GCC_WARN_UNUSED_FUNCTION = YES;
				GCC_WARN_UNUSED_VARIABLE = YES;
				MACOSX_DEPLOYMENT_TARGET = 12.3;
				MTL_ENABLE_DEBUG_INFO = NO;
				MTL_FAST_MATH = YES;
				SDKROOT = macosx;
				SWIFT_COMPILATION_MODE = wholemodule;
				SWIFT_OPTIMIZATION_LEVEL = "-O";
			};
			name = Release;
		};
		C6DE0F2B29011577007144AF /* Debug */ = {
			isa = XCBuildConfiguration;
			buildSettings = {
				ASSETCATALOG_COMPILER_APPICON_NAME = AppIcon;
				ASSETCATALOG_COMPILER_GLOBAL_ACCENT_COLOR_NAME = AccentColor;
				CODE_SIGN_ENTITLEMENTS = Example/Example.entitlements;
				CODE_SIGN_STYLE = Automatic;
				COMBINE_HIDPI_IMAGES = YES;
				CURRENT_PROJECT_VERSION = 1;
				DEVELOPMENT_ASSET_PATHS = "\"Example/Preview Content\"";
				DEVELOPMENT_TEAM = NXK35XGKSQ;
				ENABLE_HARDENED_RUNTIME = YES;
				ENABLE_PREVIEWS = YES;
				GENERATE_INFOPLIST_FILE = YES;
				INFOPLIST_KEY_NSHumanReadableCopyright = "";
				LD_RUNPATH_SEARCH_PATHS = (
					"$(inherited)",
					"@executable_path/../Frameworks",
				);
				MARKETING_VERSION = 1.0;
				PRODUCT_BUNDLE_IDENTIFIER = com.theisegeberg.Example;
				PRODUCT_NAME = "$(TARGET_NAME)";
				SWIFT_EMIT_LOC_STRINGS = YES;
				SWIFT_STRICT_CONCURRENCY = complete;
				SWIFT_VERSION = 5.0;
			};
			name = Debug;
		};
		C6DE0F2C29011577007144AF /* Release */ = {
			isa = XCBuildConfiguration;
			buildSettings = {
				ASSETCATALOG_COMPILER_APPICON_NAME = AppIcon;
				ASSETCATALOG_COMPILER_GLOBAL_ACCENT_COLOR_NAME = AccentColor;
				CODE_SIGN_ENTITLEMENTS = Example/Example.entitlements;
				CODE_SIGN_STYLE = Automatic;
				COMBINE_HIDPI_IMAGES = YES;
				CURRENT_PROJECT_VERSION = 1;
				DEVELOPMENT_ASSET_PATHS = "\"Example/Preview Content\"";
				DEVELOPMENT_TEAM = NXK35XGKSQ;
				ENABLE_HARDENED_RUNTIME = YES;
				ENABLE_PREVIEWS = YES;
				GENERATE_INFOPLIST_FILE = YES;
				INFOPLIST_KEY_NSHumanReadableCopyright = "";
				LD_RUNPATH_SEARCH_PATHS = (
					"$(inherited)",
					"@executable_path/../Frameworks",
				);
				MARKETING_VERSION = 1.0;
				PRODUCT_BUNDLE_IDENTIFIER = com.theisegeberg.Example;
				PRODUCT_NAME = "$(TARGET_NAME)";
				SWIFT_EMIT_LOC_STRINGS = YES;
				SWIFT_STRICT_CONCURRENCY = complete;
				SWIFT_VERSION = 5.0;
			};
			name = Release;
		};
		C6DE0F2E29011577007144AF /* Debug */ = {
			isa = XCBuildConfiguration;
			buildSettings = {
				ALWAYS_EMBED_SWIFT_STANDARD_LIBRARIES = YES;
				BUNDLE_LOADER = "$(TEST_HOST)";
				CODE_SIGN_STYLE = Automatic;
				CURRENT_PROJECT_VERSION = 1;
				DEVELOPMENT_TEAM = NXK35XGKSQ;
				GENERATE_INFOPLIST_FILE = YES;
				MACOSX_DEPLOYMENT_TARGET = 12.3;
				MARKETING_VERSION = 1.0;
				PRODUCT_BUNDLE_IDENTIFIER = com.theisegeberg.ExampleTests;
				PRODUCT_NAME = "$(TARGET_NAME)";
				SWIFT_EMIT_LOC_STRINGS = NO;
				SWIFT_VERSION = 5.0;
				TEST_HOST = "$(BUILT_PRODUCTS_DIR)/Example.app/$(BUNDLE_EXECUTABLE_FOLDER_PATH)/Example";
			};
			name = Debug;
		};
		C6DE0F2F29011577007144AF /* Release */ = {
			isa = XCBuildConfiguration;
			buildSettings = {
				ALWAYS_EMBED_SWIFT_STANDARD_LIBRARIES = YES;
				BUNDLE_LOADER = "$(TEST_HOST)";
				CODE_SIGN_STYLE = Automatic;
				CURRENT_PROJECT_VERSION = 1;
				DEVELOPMENT_TEAM = NXK35XGKSQ;
				GENERATE_INFOPLIST_FILE = YES;
				MACOSX_DEPLOYMENT_TARGET = 12.3;
				MARKETING_VERSION = 1.0;
				PRODUCT_BUNDLE_IDENTIFIER = com.theisegeberg.ExampleTests;
				PRODUCT_NAME = "$(TARGET_NAME)";
				SWIFT_EMIT_LOC_STRINGS = NO;
				SWIFT_VERSION = 5.0;
				TEST_HOST = "$(BUILT_PRODUCTS_DIR)/Example.app/$(BUNDLE_EXECUTABLE_FOLDER_PATH)/Example";
			};
			name = Release;
		};
		C6DE0F3129011577007144AF /* Debug */ = {
			isa = XCBuildConfiguration;
			buildSettings = {
				ALWAYS_EMBED_SWIFT_STANDARD_LIBRARIES = YES;
				CODE_SIGN_STYLE = Automatic;
				CURRENT_PROJECT_VERSION = 1;
				DEVELOPMENT_TEAM = NXK35XGKSQ;
				GENERATE_INFOPLIST_FILE = YES;
				MARKETING_VERSION = 1.0;
				PRODUCT_BUNDLE_IDENTIFIER = com.theisegeberg.ExampleUITests;
				PRODUCT_NAME = "$(TARGET_NAME)";
				SWIFT_EMIT_LOC_STRINGS = NO;
				SWIFT_VERSION = 5.0;
				TEST_TARGET_NAME = Example;
			};
			name = Debug;
		};
		C6DE0F3229011577007144AF /* Release */ = {
			isa = XCBuildConfiguration;
			buildSettings = {
				ALWAYS_EMBED_SWIFT_STANDARD_LIBRARIES = YES;
				CODE_SIGN_STYLE = Automatic;
				CURRENT_PROJECT_VERSION = 1;
				DEVELOPMENT_TEAM = NXK35XGKSQ;
				GENERATE_INFOPLIST_FILE = YES;
				MARKETING_VERSION = 1.0;
				PRODUCT_BUNDLE_IDENTIFIER = com.theisegeberg.ExampleUITests;
				PRODUCT_NAME = "$(TARGET_NAME)";
				SWIFT_EMIT_LOC_STRINGS = NO;
				SWIFT_VERSION = 5.0;
				TEST_TARGET_NAME = Example;
			};
			name = Release;
		};
/* End XCBuildConfiguration section */

/* Begin XCConfigurationList section */
		C6DE0F0029011576007144AF /* Build configuration list for PBXProject "Example" */ = {
			isa = XCConfigurationList;
			buildConfigurations = (
				C6DE0F2829011577007144AF /* Debug */,
				C6DE0F2929011577007144AF /* Release */,
			);
			defaultConfigurationIsVisible = 0;
			defaultConfigurationName = Release;
		};
		C6DE0F2A29011577007144AF /* Build configuration list for PBXNativeTarget "Example" */ = {
			isa = XCConfigurationList;
			buildConfigurations = (
				C6DE0F2B29011577007144AF /* Debug */,
				C6DE0F2C29011577007144AF /* Release */,
			);
			defaultConfigurationIsVisible = 0;
			defaultConfigurationName = Release;
		};
		C6DE0F2D29011577007144AF /* Build configuration list for PBXNativeTarget "ExampleTests" */ = {
			isa = XCConfigurationList;
			buildConfigurations = (
				C6DE0F2E29011577007144AF /* Debug */,
				C6DE0F2F29011577007144AF /* Release */,
			);
			defaultConfigurationIsVisible = 0;
			defaultConfigurationName = Release;
		};
		C6DE0F3029011577007144AF /* Build configuration list for PBXNativeTarget "ExampleUITests" */ = {
			isa = XCConfigurationList;
			buildConfigurations = (
				C6DE0F3129011577007144AF /* Debug */,
				C6DE0F3229011577007144AF /* Release */,
			);
			defaultConfigurationIsVisible = 0;
			defaultConfigurationName = Release;
		};
/* End XCConfigurationList section */
	};
	rootObject = C6DE0EFD29011576007144AF /* Project object */;
}
